// !$*UTF8*$!
{
	archiveVersion = 1;
	classes = {
	};
	objectVersion = 46;
	objects = {

/* Begin PBXBuildFile section */
		119548731F4DE04B001C3451 /* ProductDetailViewController.xib in Resources */ = {isa = PBXBuildFile; fileRef = 119548721F4DE04B001C3451 /* ProductDetailViewController.xib */; };
		119548751F4DF241001C3451 /* String+HTML.swift in Sources */ = {isa = PBXBuildFile; fileRef = 119548741F4DF241001C3451 /* String+HTML.swift */; };
		32DF7E6D1F4B478C0095DFAC /* AppDelegate.swift in Sources */ = {isa = PBXBuildFile; fileRef = 32DF7E6C1F4B478C0095DFAC /* AppDelegate.swift */; };
		32DF7E6F1F4B478C0095DFAC /* ProductsTableViewController.swift in Sources */ = {isa = PBXBuildFile; fileRef = 32DF7E6E1F4B478C0095DFAC /* ProductsTableViewController.swift */; };
		32DF7E711F4B478C0095DFAC /* ProductDetailViewController.swift in Sources */ = {isa = PBXBuildFile; fileRef = 32DF7E701F4B478C0095DFAC /* ProductDetailViewController.swift */; };
		32DF7E761F4B478C0095DFAC /* Assets.xcassets in Resources */ = {isa = PBXBuildFile; fileRef = 32DF7E751F4B478C0095DFAC /* Assets.xcassets */; };
		32DF7E791F4B478C0095DFAC /* LaunchScreen.storyboard in Resources */ = {isa = PBXBuildFile; fileRef = 32DF7E771F4B478C0095DFAC /* LaunchScreen.storyboard */; };
		32DF7E811F4B4C0B0095DFAC /* Product.swift in Sources */ = {isa = PBXBuildFile; fileRef = 32DF7E801F4B4C0B0095DFAC /* Product.swift */; };
		32DF7E831F4B4D400095DFAC /* ProductCell.xib in Resources */ = {isa = PBXBuildFile; fileRef = 32DF7E821F4B4D400095DFAC /* ProductCell.xib */; };
		32DF7E851F4B4D690095DFAC /* LoadMoreCell.xib in Resources */ = {isa = PBXBuildFile; fileRef = 32DF7E841F4B4D690095DFAC /* LoadMoreCell.xib */; };
		32DF7E871F4B4F850095DFAC /* ProductCell.swift in Sources */ = {isa = PBXBuildFile; fileRef = 32DF7E861F4B4F850095DFAC /* ProductCell.swift */; };
		32DF7E891F4B4FA00095DFAC /* LoadMoreCell.swift in Sources */ = {isa = PBXBuildFile; fileRef = 32DF7E881F4B4FA00095DFAC /* LoadMoreCell.swift */; };
		32DF7E8B1F4B50630095DFAC /* NetworkController.swift in Sources */ = {isa = PBXBuildFile; fileRef = 32DF7E8A1F4B50630095DFAC /* NetworkController.swift */; };
/* End PBXBuildFile section */

/* Begin PBXFileReference section */
		119548721F4DE04B001C3451 /* ProductDetailViewController.xib */ = {isa = PBXFileReference; fileEncoding = 4; lastKnownFileType = file.xib; path = ProductDetailViewController.xib; sourceTree = "<group>"; };
		119548741F4DF241001C3451 /* String+HTML.swift */ = {isa = PBXFileReference; fileEncoding = 4; lastKnownFileType = sourcecode.swift; path = "String+HTML.swift"; sourceTree = "<group>"; };
		32DF7E691F4B478C0095DFAC /* Walmart.app */ = {isa = PBXFileReference; explicitFileType = wrapper.application; includeInIndex = 0; path = Walmart.app; sourceTree = BUILT_PRODUCTS_DIR; };
		32DF7E6C1F4B478C0095DFAC /* AppDelegate.swift */ = {isa = PBXFileReference; lastKnownFileType = sourcecode.swift; path = AppDelegate.swift; sourceTree = "<group>"; };
		32DF7E6E1F4B478C0095DFAC /* ProductsTableViewController.swift */ = {isa = PBXFileReference; lastKnownFileType = sourcecode.swift; path = ProductsTableViewController.swift; sourceTree = "<group>"; };
		32DF7E701F4B478C0095DFAC /* ProductDetailViewController.swift */ = {isa = PBXFileReference; lastKnownFileType = sourcecode.swift; path = ProductDetailViewController.swift; sourceTree = "<group>"; };
		32DF7E751F4B478C0095DFAC /* Assets.xcassets */ = {isa = PBXFileReference; lastKnownFileType = folder.assetcatalog; path = Assets.xcassets; sourceTree = "<group>"; };
		32DF7E781F4B478C0095DFAC /* Base */ = {isa = PBXFileReference; lastKnownFileType = file.storyboard; name = Base; path = Base.lproj/LaunchScreen.storyboard; sourceTree = "<group>"; };
		32DF7E7A1F4B478C0095DFAC /* Info.plist */ = {isa = PBXFileReference; lastKnownFileType = text.plist.xml; path = Info.plist; sourceTree = "<group>"; };
		32DF7E801F4B4C0B0095DFAC /* Product.swift */ = {isa = PBXFileReference; fileEncoding = 4; lastKnownFileType = sourcecode.swift; path = Product.swift; sourceTree = "<group>"; };
		32DF7E821F4B4D400095DFAC /* ProductCell.xib */ = {isa = PBXFileReference; fileEncoding = 4; lastKnownFileType = file.xib; path = ProductCell.xib; sourceTree = "<group>"; };
		32DF7E841F4B4D690095DFAC /* LoadMoreCell.xib */ = {isa = PBXFileReference; fileEncoding = 4; lastKnownFileType = file.xib; path = LoadMoreCell.xib; sourceTree = "<group>"; };
		32DF7E861F4B4F850095DFAC /* ProductCell.swift */ = {isa = PBXFileReference; fileEncoding = 4; lastKnownFileType = sourcecode.swift; path = ProductCell.swift; sourceTree = "<group>"; };
		32DF7E881F4B4FA00095DFAC /* LoadMoreCell.swift */ = {isa = PBXFileReference; fileEncoding = 4; lastKnownFileType = sourcecode.swift; path = LoadMoreCell.swift; sourceTree = "<group>"; };
		32DF7E8A1F4B50630095DFAC /* NetworkController.swift */ = {isa = PBXFileReference; fileEncoding = 4; lastKnownFileType = sourcecode.swift; path = NetworkController.swift; sourceTree = "<group>"; };
/* End PBXFileReference section */

/* Begin PBXFrameworksBuildPhase section */
		32DF7E661F4B478C0095DFAC /* Frameworks */ = {
			isa = PBXFrameworksBuildPhase;
			buildActionMask = 2147483647;
			files = (
			);
			runOnlyForDeploymentPostprocessing = 0;
		};
/* End PBXFrameworksBuildPhase section */

/* Begin PBXGroup section */
		119548761F4E5021001C3451 /* Cells */ = {
			isa = PBXGroup;
			children = (
				32DF7E861F4B4F850095DFAC /* ProductCell.swift */,
				32DF7E821F4B4D400095DFAC /* ProductCell.xib */,
				32DF7E881F4B4FA00095DFAC /* LoadMoreCell.swift */,
				32DF7E841F4B4D690095DFAC /* LoadMoreCell.xib */,
			);
			name = Cells;
			sourceTree = "<group>";
		};
		119548771F4E5035001C3451 /* View Controllers */ = {
			isa = PBXGroup;
			children = (
				119548741F4DF241001C3451 /* String+HTML.swift */,
				32DF7E6E1F4B478C0095DFAC /* ProductsTableViewController.swift */,
				32DF7E701F4B478C0095DFAC /* ProductDetailViewController.swift */,
				119548721F4DE04B001C3451 /* ProductDetailViewController.xib */,
			);
			name = "View Controllers";
			sourceTree = "<group>";
		};
		119548781F4E503E001C3451 /* Model */ = {
			isa = PBXGroup;
			children = (
				32DF7E801F4B4C0B0095DFAC /* Product.swift */,
			);
			name = Model;
			sourceTree = "<group>";
		};
		1195487A1F4E505E001C3451 /* Network */ = {
			isa = PBXGroup;
			children = (
				32DF7E8A1F4B50630095DFAC /* NetworkController.swift */,
			);
			name = Network;
			sourceTree = "<group>";
		};
		32DF7E601F4B478C0095DFAC = {
			isa = PBXGroup;
			children = (
				32DF7E6B1F4B478C0095DFAC /* Walmart */,
				32DF7E6A1F4B478C0095DFAC /* Products */,
			);
			sourceTree = "<group>";
		};
		32DF7E6A1F4B478C0095DFAC /* Products */ = {
			isa = PBXGroup;
			children = (
				32DF7E691F4B478C0095DFAC /* Walmart.app */,
			);
			name = Products;
			sourceTree = "<group>";
		};
		32DF7E6B1F4B478C0095DFAC /* Walmart */ = {
			isa = PBXGroup;
			children = (
				32DF7E6C1F4B478C0095DFAC /* AppDelegate.swift */,
				1195487A1F4E505E001C3451 /* Network */,
				119548781F4E503E001C3451 /* Model */,
				119548771F4E5035001C3451 /* View Controllers */,
				119548761F4E5021001C3451 /* Cells */,
				32DF7E751F4B478C0095DFAC /* Assets.xcassets */,
				32DF7E771F4B478C0095DFAC /* LaunchScreen.storyboard */,
				32DF7E7A1F4B478C0095DFAC /* Info.plist */,
			);
			path = Walmart;
			sourceTree = "<group>";
		};
/* End PBXGroup section */

/* Begin PBXNativeTarget section */
		32DF7E681F4B478C0095DFAC /* Walmart */ = {
			isa = PBXNativeTarget;
			buildConfigurationList = 32DF7E7D1F4B478C0095DFAC /* Build configuration list for PBXNativeTarget "Walmart" */;
			buildPhases = (
				32DF7E651F4B478C0095DFAC /* Sources */,
				32DF7E661F4B478C0095DFAC /* Frameworks */,
				32DF7E671F4B478C0095DFAC /* Resources */,
			);
			buildRules = (
			);
			dependencies = (
			);
			name = Walmart;
			productName = Walmart;
			productReference = 32DF7E691F4B478C0095DFAC /* Walmart.app */;
			productType = "com.apple.product-type.application";
		};
/* End PBXNativeTarget section */

/* Begin PBXProject section */
		32DF7E611F4B478C0095DFAC /* Project object */ = {
			isa = PBXProject;
			attributes = {
				LastSwiftUpdateCheck = 0830;
				LastUpgradeCheck = 0830;
				ORGANIZATIONNAME = Mine;
				TargetAttributes = {
					32DF7E681F4B478C0095DFAC = {
						CreatedOnToolsVersion = 8.3.3;
						ProvisioningStyle = Automatic;
					};
				};
			};
			buildConfigurationList = 32DF7E641F4B478C0095DFAC /* Build configuration list for PBXProject "Walmart" */;
			compatibilityVersion = "Xcode 3.2";
			developmentRegion = English;
			hasScannedForEncodings = 0;
			knownRegions = (
				en,
				Base,
			);
			mainGroup = 32DF7E601F4B478C0095DFAC;
			productRefGroup = 32DF7E6A1F4B478C0095DFAC /* Products */;
			projectDirPath = "";
			projectRoot = "";
			targets = (
				32DF7E681F4B478C0095DFAC /* Walmart */,
			);
		};
/* End PBXProject section */

/* Begin PBXResourcesBuildPhase section */
		32DF7E671F4B478C0095DFAC /* Resources */ = {
			isa = PBXResourcesBuildPhase;
			buildActionMask = 2147483647;
			files = (
				32DF7E851F4B4D690095DFAC /* LoadMoreCell.xib in Resources */,
				32DF7E831F4B4D400095DFAC /* ProductCell.xib in Resources */,
				32DF7E791F4B478C0095DFAC /* LaunchScreen.storyboard in Resources */,
				119548731F4DE04B001C3451 /* ProductDetailViewController.xib in Resources */,
				32DF7E761F4B478C0095DFAC /* Assets.xcassets in Resources */,
			);
			runOnlyForDeploymentPostprocessing = 0;
		};
/* End PBXResourcesBuildPhase section */

/* Begin PBXSourcesBuildPhase section */
		32DF7E651F4B478C0095DFAC /* Sources */ = {
			isa = PBXSourcesBuildPhase;
			buildActionMask = 2147483647;
			files = (
				32DF7E891F4B4FA00095DFAC /* LoadMoreCell.swift in Sources */,
				32DF7E711F4B478C0095DFAC /* ProductDetailViewController.swift in Sources */,
				32DF7E811F4B4C0B0095DFAC /* Product.swift in Sources */,
				119548751F4DF241001C3451 /* String+HTML.swift in Sources */,
				32DF7E871F4B4F850095DFAC /* ProductCell.swift in Sources */,
				32DF7E6F1F4B478C0095DFAC /* ProductsTableViewController.swift in Sources */,
				32DF7E8B1F4B50630095DFAC /* NetworkController.swift in Sources */,
				32DF7E6D1F4B478C0095DFAC /* AppDelegate.swift in Sources */,
			);
			runOnlyForDeploymentPostprocessing = 0;
		};
/* End PBXSourcesBuildPhase section */

/* Begin PBXVariantGroup section */
		32DF7E771F4B478C0095DFAC /* LaunchScreen.storyboard */ = {
			isa = PBXVariantGroup;
			children = (
				32DF7E781F4B478C0095DFAC /* Base */,
			);
			name = LaunchScreen.storyboard;
			sourceTree = "<group>";
		};
/* End PBXVariantGroup section */

/* Begin XCBuildConfiguration section */
		32DF7E7B1F4B478C0095DFAC /* Debug */ = {
			isa = XCBuildConfiguration;
			buildSettings = {
				ALWAYS_SEARCH_USER_PATHS = NO;
				CLANG_ANALYZER_NONNULL = YES;
				CLANG_ANALYZER_NUMBER_OBJECT_CONVERSION = YES_AGGRESSIVE;
				CLANG_CXX_LANGUAGE_STANDARD = "gnu++0x";
				CLANG_CXX_LIBRARY = "libc++";
				CLANG_ENABLE_MODULES = YES;
				CLANG_ENABLE_OBJC_ARC = YES;
				CLANG_WARN_BOOL_CONVERSION = YES;
				CLANG_WARN_CONSTANT_CONVERSION = YES;
				CLANG_WARN_DIRECT_OBJC_ISA_USAGE = YES_ERROR;
				CLANG_WARN_DOCUMENTATION_COMMENTS = YES;
				CLANG_WARN_EMPTY_BODY = YES;
				CLANG_WARN_ENUM_CONVERSION = YES;
				CLANG_WARN_INFINITE_RECURSION = YES;
				CLANG_WARN_INT_CONVERSION = YES;
				CLANG_WARN_OBJC_ROOT_CLASS = YES_ERROR;
				CLANG_WARN_SUSPICIOUS_MOVE = YES;
				CLANG_WARN_UNREACHABLE_CODE = YES;
				CLANG_WARN__DUPLICATE_METHOD_MATCH = YES;
				"CODE_SIGN_IDENTITY[sdk=iphoneos*]" = "iPhone Developer";
				COPY_PHASE_STRIP = NO;
				DEBUG_INFORMATION_FORMAT = dwarf;
				ENABLE_STRICT_OBJC_MSGSEND = YES;
				ENABLE_TESTABILITY = YES;
				GCC_C_LANGUAGE_STANDARD = gnu99;
				GCC_DYNAMIC_NO_PIC = NO;
				GCC_NO_COMMON_BLOCKS = YES;
				GCC_OPTIMIZATION_LEVEL = 0;
				GCC_PREPROCESSOR_DEFINITIONS = (
					"DEBUG=1",
					"$(inherited)",
				);
				GCC_WARN_64_TO_32_BIT_CONVERSION = YES;
				GCC_WARN_ABOUT_RETURN_TYPE = YES_ERROR;
				GCC_WARN_UNDECLARED_SELECTOR = YES;
				GCC_WARN_UNINITIALIZED_AUTOS = YES_AGGRESSIVE;
				GCC_WARN_UNUSED_FUNCTION = YES;
				GCC_WARN_UNUSED_VARIABLE = YES;
				IPHONEOS_DEPLOYMENT_TARGET = 10.3;
				MTL_ENABLE_DEBUG_INFO = YES;
				ONLY_ACTIVE_ARCH = YES;
				SDKROOT = iphoneos;
				SWIFT_ACTIVE_COMPILATION_CONDITIONS = DEBUG;
				SWIFT_OPTIMIZATION_LEVEL = "-Onone";
				TARGETED_DEVICE_FAMILY = "1,2";
			};
			name = Debug;
		};
		32DF7E7C1F4B478C0095DFAC /* Release */ = {
			isa = XCBuildConfiguration;
			buildSettings = {
				ALWAYS_SEARCH_USER_PATHS = NO;
				CLANG_ANALYZER_NONNULL = YES;
				CLANG_ANALYZER_NUMBER_OBJECT_CONVERSION = YES_AGGRESSIVE;
				CLANG_CXX_LANGUAGE_STANDARD = "gnu++0x";
				CLANG_CXX_LIBRARY = "libc++";
				CLANG_ENABLE_MODULES = YES;
				CLANG_ENABLE_OBJC_ARC = YES;
				CLANG_WARN_BOOL_CONVERSION = YES;
				CLANG_WARN_CONSTANT_CONVERSION = YES;
				CLANG_WARN_DIRECT_OBJC_ISA_USAGE = YES_ERROR;
				CLANG_WARN_DOCUMENTATION_COMMENTS = YES;
				CLANG_WARN_EMPTY_BODY = YES;
				CLANG_WARN_ENUM_CONVERSION = YES;
				CLANG_WARN_INFINITE_RECURSION = YES;
				CLANG_WARN_INT_CONVERSION = YES;
				CLANG_WARN_OBJC_ROOT_CLASS = YES_ERROR;
				CLANG_WARN_SUSPICIOUS_MOVE = YES;
				CLANG_WARN_UNREACHABLE_CODE = YES;
				CLANG_WARN__DUPLICATE_METHOD_MATCH = YES;
				"CODE_SIGN_IDENTITY[sdk=iphoneos*]" = "iPhone Developer";
				COPY_PHASE_STRIP = NO;
				DEBUG_INFORMATION_FORMAT = "dwarf-with-dsym";
				ENABLE_NS_ASSERTIONS = NO;
				ENABLE_STRICT_OBJC_MSGSEND = YES;
				GCC_C_LANGUAGE_STANDARD = gnu99;
				GCC_NO_COMMON_BLOCKS = YES;
				GCC_WARN_64_TO_32_BIT_CONVERSION = YES;
				GCC_WARN_ABOUT_RETURN_TYPE = YES_ERROR;
				GCC_WARN_UNDECLARED_SELECTOR = YES;
				GCC_WARN_UNINITIALIZED_AUTOS = YES_AGGRESSIVE;
				GCC_WARN_UNUSED_FUNCTION = YES;
				GCC_WARN_UNUSED_VARIABLE = YES;
				IPHONEOS_DEPLOYMENT_TARGET = 10.3;
				MTL_ENABLE_DEBUG_INFO = NO;
				SDKROOT = iphoneos;
				SWIFT_OPTIMIZATION_LEVEL = "-Owholemodule";
				TARGETED_DEVICE_FAMILY = "1,2";
				VALIDATE_PRODUCT = YES;
			};
			name = Release;
		};
		32DF7E7E1F4B478C0095DFAC /* Debug */ = {
			isa = XCBuildConfiguration;
			buildSettings = {
				ASSETCATALOG_COMPILER_APPICON_NAME = AppIcon;
				INFOPLIST_FILE = Walmart/Info.plist;
				LD_RUNPATH_SEARCH_PATHS = "$(inherited) @executable_path/Frameworks";
				PRODUCT_BUNDLE_IDENTIFIER = Mine.Walmart;
				PRODUCT_NAME = "$(TARGET_NAME)";
				SWIFT_VERSION = 3.0;
			};
			name = Debug;
		};
		32DF7E7F1F4B478C0095DFAC /* Release */ = {
			isa = XCBuildConfiguration;
			buildSettings = {
				ASSETCATALOG_COMPILER_APPICON_NAME = AppIcon;
				INFOPLIST_FILE = Walmart/Info.plist;
				LD_RUNPATH_SEARCH_PATHS = "$(inherited) @executable_path/Frameworks";
				PRODUCT_BUNDLE_IDENTIFIER = Mine.Walmart;
				PRODUCT_NAME = "$(TARGET_NAME)";
				SWIFT_VERSION = 3.0;
			};
			name = Release;
		};
/* End XCBuildConfiguration section */

/* Begin XCConfigurationList section */
		32DF7E641F4B478C0095DFAC /* Build configuration list for PBXProject "Walmart" */ = {
			isa = XCConfigurationList;
			buildConfigurations = (
				32DF7E7B1F4B478C0095DFAC /* Debug */,
				32DF7E7C1F4B478C0095DFAC /* Release */,
			);
			defaultConfigurationIsVisible = 0;
			defaultConfigurationName = Release;
		};
		32DF7E7D1F4B478C0095DFAC /* Build configuration list for PBXNativeTarget "Walmart" */ = {
			isa = XCConfigurationList;
			buildConfigurations = (
				32DF7E7E1F4B478C0095DFAC /* Debug */,
				32DF7E7F1F4B478C0095DFAC /* Release */,
			);
			defaultConfigurationIsVisible = 0;
			defaultConfigurationName = Release;
		};
/* End XCConfigurationList section */
	};
	rootObject = 32DF7E611F4B478C0095DFAC /* Project object */;
}
